
Microsoft Visual Studio Solution File, Format Version 12.00
# Visual Studio 14
VisualStudioVersion = 14.0.23107.0
MinimumVisualStudioVersion = 10.0.40219.1
Project("{F14B399A-7131-4C87-9E4B-1186C45EF12D}") = "SSRS", "SSRS\SSRS.rptproj", "{E5FDAAFA-577D-4287-AD4B-E50F3924E992}"
EndProject
Global
	GlobalSection(SolutionConfigurationPlatforms) = preSolution
		Debug|Default = Debug|Default
		DebugLocal|Default = DebugLocal|Default
		Release|Default = Release|Default
	EndGlobalSection
	GlobalSection(ProjectConfigurationPlatforms) = postSolution
		{E5FDAAFA-577D-4287-AD4B-E50F3924E992}.Debug|Default.ActiveCfg = Debug
		{E5FDAAFA-577D-4287-AD4B-E50F3924E992}.Debug|Default.Build.0 = Debug
		{E5FDAAFA-577D-4287-AD4B-E50F3924E992}.Debug|Default.Deploy.0 = Debug
		{E5FDAAFA-577D-4287-AD4B-E50F3924E992}.DebugLocal|Default.ActiveCfg = DebugLocal
		{E5FDAAFA-577D-4287-AD4B-E50F3924E992}.DebugLocal|Default.Build.0 = DebugLocal
		{E5FDAAFA-577D-4287-AD4B-E50F3924E992}.Release|Default.ActiveCfg = Release
		{E5FDAAFA-577D-4287-AD4B-E50F3924E992}.Release|Default.Build.0 = Release
		{E5FDAAFA-577D-4287-AD4B-E50F3924E992}.Release|Default.Deploy.0 = Release
	EndGlobalSection
	GlobalSection(SolutionProperties) = preSolution
		HideSolutionNode = FALSE
	EndGlobalSection
EndGlobal
